// !$*UTF8*$!
{
	archiveVersion = 1;
	classes = {
	};
	objectVersion = 50;
	objects = {

/* Begin PBXBuildFile section */
		393AA171245F215B00F64E10 /* AppDelegate.swift in Sources */ = {isa = PBXBuildFile; fileRef = 393AA170245F215B00F64E10 /* AppDelegate.swift */; };
		393AA173245F215B00F64E10 /* SceneDelegate.swift in Sources */ = {isa = PBXBuildFile; fileRef = 393AA172245F215B00F64E10 /* SceneDelegate.swift */; };
		393AA175245F215B00F64E10 /* ViewController.swift in Sources */ = {isa = PBXBuildFile; fileRef = 393AA174245F215B00F64E10 /* ViewController.swift */; };
		393AA178245F215B00F64E10 /* Main.storyboard in Resources */ = {isa = PBXBuildFile; fileRef = 393AA176245F215B00F64E10 /* Main.storyboard */; };
		393AA17A245F215E00F64E10 /* Assets.xcassets in Resources */ = {isa = PBXBuildFile; fileRef = 393AA179245F215E00F64E10 /* Assets.xcassets */; };
		393AA17D245F215E00F64E10 /* LaunchScreen.storyboard in Resources */ = {isa = PBXBuildFile; fileRef = 393AA17B245F215E00F64E10 /* LaunchScreen.storyboard */; };
		393AA191245F228200F64E10 /* nigeria.png in Resources */ = {isa = PBXBuildFile; fileRef = 393AA185245F228200F64E10 /* nigeria.png */; };
		393AA192245F228200F64E10 /* spain.png in Resources */ = {isa = PBXBuildFile; fileRef = 393AA186245F228200F64E10 /* spain.png */; };
		393AA193245F228200F64E10 /* italy.png in Resources */ = {isa = PBXBuildFile; fileRef = 393AA187245F228200F64E10 /* italy.png */; };
		393AA194245F228200F64E10 /* germany.png in Resources */ = {isa = PBXBuildFile; fileRef = 393AA188245F228200F64E10 /* germany.png */; };
		393AA195245F228200F64E10 /* ireland.png in Resources */ = {isa = PBXBuildFile; fileRef = 393AA189245F228200F64E10 /* ireland.png */; };
		393AA196245F228200F64E10 /* estonia.png in Resources */ = {isa = PBXBuildFile; fileRef = 393AA18A245F228200F64E10 /* estonia.png */; };
		393AA197245F228200F64E10 /* russia.png in Resources */ = {isa = PBXBuildFile; fileRef = 393AA18B245F228200F64E10 /* russia.png */; };
		393AA198245F228200F64E10 /* poland.png in Resources */ = {isa = PBXBuildFile; fileRef = 393AA18C245F228200F64E10 /* poland.png */; };
		393AA199245F228200F64E10 /* uk.png in Resources */ = {isa = PBXBuildFile; fileRef = 393AA18D245F228200F64E10 /* uk.png */; };
		393AA19A245F228200F64E10 /* us.png in Resources */ = {isa = PBXBuildFile; fileRef = 393AA18E245F228200F64E10 /* us.png */; };
		393AA19B245F228200F64E10 /* france.png in Resources */ = {isa = PBXBuildFile; fileRef = 393AA18F245F228200F64E10 /* france.png */; };
		393AA19C245F228200F64E10 /* monaco.png in Resources */ = {isa = PBXBuildFile; fileRef = 393AA190245F228200F64E10 /* monaco.png */; };
		39BEB6D124606E0B00C2BF9E /* DetailViewController.swift in Sources */ = {isa = PBXBuildFile; fileRef = 39BEB6D024606E0B00C2BF9E /* DetailViewController.swift */; };
/* End PBXBuildFile section */

/* Begin PBXFileReference section */
		393AA16D245F215B00F64E10 /* ShareFlag.app */ = {isa = PBXFileReference; explicitFileType = wrapper.application; includeInIndex = 0; path = ShareFlag.app; sourceTree = BUILT_PRODUCTS_DIR; };
		393AA170245F215B00F64E10 /* AppDelegate.swift */ = {isa = PBXFileReference; lastKnownFileType = sourcecode.swift; path = AppDelegate.swift; sourceTree = "<group>"; };
		393AA172245F215B00F64E10 /* SceneDelegate.swift */ = {isa = PBXFileReference; lastKnownFileType = sourcecode.swift; path = SceneDelegate.swift; sourceTree = "<group>"; };
		393AA174245F215B00F64E10 /* ViewController.swift */ = {isa = PBXFileReference; lastKnownFileType = sourcecode.swift; path = ViewController.swift; sourceTree = "<group>"; };
		393AA177245F215B00F64E10 /* Base */ = {isa = PBXFileReference; lastKnownFileType = file.storyboard; name = Base; path = Base.lproj/Main.storyboard; sourceTree = "<group>"; };
		393AA179245F215E00F64E10 /* Assets.xcassets */ = {isa = PBXFileReference; lastKnownFileType = folder.assetcatalog; path = Assets.xcassets; sourceTree = "<group>"; };
		393AA17C245F215E00F64E10 /* Base */ = {isa = PBXFileReference; lastKnownFileType = file.storyboard; name = Base; path = Base.lproj/LaunchScreen.storyboard; sourceTree = "<group>"; };
		393AA17E245F215E00F64E10 /* Info.plist */ = {isa = PBXFileReference; lastKnownFileType = text.plist.xml; path = Info.plist; sourceTree = "<group>"; };
		393AA185245F228200F64E10 /* nigeria.png */ = {isa = PBXFileReference; lastKnownFileType = image.png; path = nigeria.png; sourceTree = "<group>"; };
		393AA186245F228200F64E10 /* spain.png */ = {isa = PBXFileReference; lastKnownFileType = image.png; path = spain.png; sourceTree = "<group>"; };
		393AA187245F228200F64E10 /* italy.png */ = {isa = PBXFileReference; lastKnownFileType = image.png; path = italy.png; sourceTree = "<group>"; };
		393AA188245F228200F64E10 /* germany.png */ = {isa = PBXFileReference; lastKnownFileType = image.png; path = germany.png; sourceTree = "<group>"; };
		393AA189245F228200F64E10 /* ireland.png */ = {isa = PBXFileReference; lastKnownFileType = image.png; path = ireland.png; sourceTree = "<group>"; };
		393AA18A245F228200F64E10 /* estonia.png */ = {isa = PBXFileReference; lastKnownFileType = image.png; path = estonia.png; sourceTree = "<group>"; };
		393AA18B245F228200F64E10 /* russia.png */ = {isa = PBXFileReference; lastKnownFileType = image.png; path = russia.png; sourceTree = "<group>"; };
		393AA18C245F228200F64E10 /* poland.png */ = {isa = PBXFileReference; lastKnownFileType = image.png; path = poland.png; sourceTree = "<group>"; };
		393AA18D245F228200F64E10 /* uk.png */ = {isa = PBXFileReference; lastKnownFileType = image.png; path = uk.png; sourceTree = "<group>"; };
		393AA18E245F228200F64E10 /* us.png */ = {isa = PBXFileReference; lastKnownFileType = image.png; path = us.png; sourceTree = "<group>"; };
		393AA18F245F228200F64E10 /* france.png */ = {isa = PBXFileReference; lastKnownFileType = image.png; path = france.png; sourceTree = "<group>"; };
		393AA190245F228200F64E10 /* monaco.png */ = {isa = PBXFileReference; lastKnownFileType = image.png; path = monaco.png; sourceTree = "<group>"; };
		39BEB6D024606E0B00C2BF9E /* DetailViewController.swift */ = {isa = PBXFileReference; lastKnownFileType = sourcecode.swift; path = DetailViewController.swift; sourceTree = "<group>"; };
/* End PBXFileReference section */

/* Begin PBXFrameworksBuildPhase section */
		393AA16A245F215B00F64E10 /* Frameworks */ = {
			isa = PBXFrameworksBuildPhase;
			buildActionMask = 2147483647;
			files = (
			);
			runOnlyForDeploymentPostprocessing = 0;
		};
/* End PBXFrameworksBuildPhase section */

/* Begin PBXGroup section */
		393AA164245F215B00F64E10 = {
			isa = PBXGroup;
			children = (
				393AA16F245F215B00F64E10 /* ShareFlag */,
				393AA16E245F215B00F64E10 /* Products */,
			);
			sourceTree = "<group>";
		};
		393AA16E245F215B00F64E10 /* Products */ = {
			isa = PBXGroup;
			children = (
				393AA16D245F215B00F64E10 /* ShareFlag.app */,
			);
			name = Products;
			sourceTree = "<group>";
		};
		393AA16F245F215B00F64E10 /* ShareFlag */ = {
			isa = PBXGroup;
			children = (
				393AA170245F215B00F64E10 /* AppDelegate.swift */,
				393AA172245F215B00F64E10 /* SceneDelegate.swift */,
				393AA174245F215B00F64E10 /* ViewController.swift */,
				39BEB6D024606E0B00C2BF9E /* DetailViewController.swift */,
				393AA176245F215B00F64E10 /* Main.storyboard */,
				393AA179245F215E00F64E10 /* Assets.xcassets */,
				393AA17B245F215E00F64E10 /* LaunchScreen.storyboard */,
				393AA17E245F215E00F64E10 /* Info.plist */,
				393AA184245F228200F64E10 /* Content */,
			);
			path = ShareFlag;
			sourceTree = "<group>";
		};
		393AA184245F228200F64E10 /* Content */ = {
			isa = PBXGroup;
			children = (
				393AA185245F228200F64E10 /* nigeria.png */,
				393AA186245F228200F64E10 /* spain.png */,
				393AA187245F228200F64E10 /* italy.png */,
				393AA188245F228200F64E10 /* germany.png */,
				393AA189245F228200F64E10 /* ireland.png */,
				393AA18A245F228200F64E10 /* estonia.png */,
				393AA18B245F228200F64E10 /* russia.png */,
				393AA18C245F228200F64E10 /* poland.png */,
				393AA18D245F228200F64E10 /* uk.png */,
				393AA18E245F228200F64E10 /* us.png */,
				393AA18F245F228200F64E10 /* france.png */,
				393AA190245F228200F64E10 /* monaco.png */,
			);
			path = Content;
			sourceTree = "<group>";
		};
/* End PBXGroup section */

/* Begin PBXNativeTarget section */
		393AA16C245F215B00F64E10 /* ShareFlag */ = {
			isa = PBXNativeTarget;
			buildConfigurationList = 393AA181245F215E00F64E10 /* Build configuration list for PBXNativeTarget "ShareFlag" */;
			buildPhases = (
				393AA169245F215B00F64E10 /* Sources */,
				393AA16A245F215B00F64E10 /* Frameworks */,
				393AA16B245F215B00F64E10 /* Resources */,
			);
			buildRules = (
			);
			dependencies = (
			);
			name = ShareFlag;
			productName = ShareFlag;
			productReference = 393AA16D245F215B00F64E10 /* ShareFlag.app */;
			productType = "com.apple.product-type.application";
		};
/* End PBXNativeTarget section */

/* Begin PBXProject section */
		393AA165245F215B00F64E10 /* Project object */ = {
			isa = PBXProject;
			attributes = {
				LastSwiftUpdateCheck = 1120;
				LastUpgradeCheck = 1120;
				ORGANIZATIONNAME = "Alexandra Navruzova";
				TargetAttributes = {
					393AA16C245F215B00F64E10 = {
						CreatedOnToolsVersion = 11.2.1;
					};
				};
			};
			buildConfigurationList = 393AA168245F215B00F64E10 /* Build configuration list for PBXProject "ShareFlag" */;
			compatibilityVersion = "Xcode 9.3";
			developmentRegion = en;
			hasScannedForEncodings = 0;
			knownRegions = (
				en,
				Base,
			);
			mainGroup = 393AA164245F215B00F64E10;
			productRefGroup = 393AA16E245F215B00F64E10 /* Products */;
			projectDirPath = "";
			projectRoot = "";
			targets = (
				393AA16C245F215B00F64E10 /* ShareFlag */,
			);
		};
/* End PBXProject section */

/* Begin PBXResourcesBuildPhase section */
		393AA16B245F215B00F64E10 /* Resources */ = {
			isa = PBXResourcesBuildPhase;
			buildActionMask = 2147483647;
			files = (
				393AA17D245F215E00F64E10 /* LaunchScreen.storyboard in Resources */,
				393AA17A245F215E00F64E10 /* Assets.xcassets in Resources */,
				393AA196245F228200F64E10 /* estonia.png in Resources */,
				393AA19C245F228200F64E10 /* monaco.png in Resources */,
				393AA199245F228200F64E10 /* uk.png in Resources */,
				393AA178245F215B00F64E10 /* Main.storyboard in Resources */,
				393AA195245F228200F64E10 /* ireland.png in Resources */,
				393AA19A245F228200F64E10 /* us.png in Resources */,
				393AA193245F228200F64E10 /* italy.png in Resources */,
				393AA194245F228200F64E10 /* germany.png in Resources */,
				393AA198245F228200F64E10 /* poland.png in Resources */,
				393AA192245F228200F64E10 /* spain.png in Resources */,
				393AA197245F228200F64E10 /* russia.png in Resources */,
				393AA19B245F228200F64E10 /* france.png in Resources */,
				393AA191245F228200F64E10 /* nigeria.png in Resources */,
			);
			runOnlyForDeploymentPostprocessing = 0;
		};
/* End PBXResourcesBuildPhase section */

/* Begin PBXSourcesBuildPhase section */
		393AA169245F215B00F64E10 /* Sources */ = {
			isa = PBXSourcesBuildPhase;
			buildActionMask = 2147483647;
			files = (
				393AA175245F215B00F64E10 /* ViewController.swift in Sources */,
				393AA171245F215B00F64E10 /* AppDelegate.swift in Sources */,
				393AA173245F215B00F64E10 /* SceneDelegate.swift in Sources */,
				39BEB6D124606E0B00C2BF9E /* DetailViewController.swift in Sources */,
			);
			runOnlyForDeploymentPostprocessing = 0;
		};
/* End PBXSourcesBuildPhase section */

/* Begin PBXVariantGroup section */
		393AA176245F215B00F64E10 /* Main.storyboard */ = {
			isa = PBXVariantGroup;
			children = (
				393AA177245F215B00F64E10 /* Base */,
			);
			name = Main.storyboard;
			sourceTree = "<group>";
		};
		393AA17B245F215E00F64E10 /* LaunchScreen.storyboard */ = {
			isa = PBXVariantGroup;
			children = (
				393AA17C245F215E00F64E10 /* Base */,
			);
			name = LaunchScreen.storyboard;
			sourceTree = "<group>";
		};
/* End PBXVariantGroup section */

/* Begin XCBuildConfiguration section */
		393AA17F245F215E00F64E10 /* Debug */ = {
			isa = XCBuildConfiguration;
			buildSettings = {
				ALWAYS_SEARCH_USER_PATHS = NO;
				CLANG_ANALYZER_NONNULL = YES;
				CLANG_ANALYZER_NUMBER_OBJECT_CONVERSION = YES_AGGRESSIVE;
				CLANG_CXX_LANGUAGE_STANDARD = "gnu++14";
				CLANG_CXX_LIBRARY = "libc++";
				CLANG_ENABLE_MODULES = YES;
				CLANG_ENABLE_OBJC_ARC = YES;
				CLANG_ENABLE_OBJC_WEAK = YES;
				CLANG_WARN_BLOCK_CAPTURE_AUTORELEASING = YES;
				CLANG_WARN_BOOL_CONVERSION = YES;
				CLANG_WARN_COMMA = YES;
				CLANG_WARN_CONSTANT_CONVERSION = YES;
				CLANG_WARN_DEPRECATED_OBJC_IMPLEMENTATIONS = YES;
				CLANG_WARN_DIRECT_OBJC_ISA_USAGE = YES_ERROR;
				CLANG_WARN_DOCUMENTATION_COMMENTS = YES;
				CLANG_WARN_EMPTY_BODY = YES;
				CLANG_WARN_ENUM_CONVERSION = YES;
				CLANG_WARN_INFINITE_RECURSION = YES;
				CLANG_WARN_INT_CONVERSION = YES;
				CLANG_WARN_NON_LITERAL_NULL_CONVERSION = YES;
				CLANG_WARN_OBJC_IMPLICIT_RETAIN_SELF = YES;
				CLANG_WARN_OBJC_LITERAL_CONVERSION = YES;
				CLANG_WARN_OBJC_ROOT_CLASS = YES_ERROR;
				CLANG_WARN_RANGE_LOOP_ANALYSIS = YES;
				CLANG_WARN_STRICT_PROTOTYPES = YES;
				CLANG_WARN_SUSPICIOUS_MOVE = YES;
				CLANG_WARN_UNGUARDED_AVAILABILITY = YES_AGGRESSIVE;
				CLANG_WARN_UNREACHABLE_CODE = YES;
				CLANG_WARN__DUPLICATE_METHOD_MATCH = YES;
				COPY_PHASE_STRIP = NO;
				DEBUG_INFORMATION_FORMAT = dwarf;
				ENABLE_STRICT_OBJC_MSGSEND = YES;
				ENABLE_TESTABILITY = YES;
				GCC_C_LANGUAGE_STANDARD = gnu11;
				GCC_DYNAMIC_NO_PIC = NO;
				GCC_NO_COMMON_BLOCKS = YES;
				GCC_OPTIMIZATION_LEVEL = 0;
				GCC_PREPROCESSOR_DEFINITIONS = (
					"DEBUG=1",
					"$(inherited)",
				);
				GCC_WARN_64_TO_32_BIT_CONVERSION = YES;
				GCC_WARN_ABOUT_RETURN_TYPE = YES_ERROR;
				GCC_WARN_UNDECLARED_SELECTOR = YES;
				GCC_WARN_UNINITIALIZED_AUTOS = YES_AGGRESSIVE;
				GCC_WARN_UNUSED_FUNCTION = YES;
				GCC_WARN_UNUSED_VARIABLE = YES;
				IPHONEOS_DEPLOYMENT_TARGET = 13.2;
				MTL_ENABLE_DEBUG_INFO = INCLUDE_SOURCE;
				MTL_FAST_MATH = YES;
				ONLY_ACTIVE_ARCH = YES;
				SDKROOT = iphoneos;
				SWIFT_ACTIVE_COMPILATION_CONDITIONS = DEBUG;
				SWIFT_OPTIMIZATION_LEVEL = "-Onone";
			};
			name = Debug;
		};
		393AA180245F215E00F64E10 /* Release */ = {
			isa = XCBuildConfiguration;
			buildSettings = {
				ALWAYS_SEARCH_USER_PATHS = NO;
				CLANG_ANALYZER_NONNULL = YES;
				CLANG_ANALYZER_NUMBER_OBJECT_CONVERSION = YES_AGGRESSIVE;
				CLANG_CXX_LANGUAGE_STANDARD = "gnu++14";
				CLANG_CXX_LIBRARY = "libc++";
				CLANG_ENABLE_MODULES = YES;
				CLANG_ENABLE_OBJC_ARC = YES;
				CLANG_ENABLE_OBJC_WEAK = YES;
				CLANG_WARN_BLOCK_CAPTURE_AUTORELEASING = YES;
				CLANG_WARN_BOOL_CONVERSION = YES;
				CLANG_WARN_COMMA = YES;
				CLANG_WARN_CONSTANT_CONVERSION = YES;
				CLANG_WARN_DEPRECATED_OBJC_IMPLEMENTATIONS = YES;
				CLANG_WARN_DIRECT_OBJC_ISA_USAGE = YES_ERROR;
				CLANG_WARN_DOCUMENTATION_COMMENTS = YES;
				CLANG_WARN_EMPTY_BODY = YES;
				CLANG_WARN_ENUM_CONVERSION = YES;
				CLANG_WARN_INFINITE_RECURSION = YES;
				CLANG_WARN_INT_CONVERSION = YES;
				CLANG_WARN_NON_LITERAL_NULL_CONVERSION = YES;
				CLANG_WARN_OBJC_IMPLICIT_RETAIN_SELF = YES;
				CLANG_WARN_OBJC_LITERAL_CONVERSION = YES;
				CLANG_WARN_OBJC_ROOT_CLASS = YES_ERROR;
				CLANG_WARN_RANGE_LOOP_ANALYSIS = YES;
				CLANG_WARN_STRICT_PROTOTYPES = YES;
				CLANG_WARN_SUSPICIOUS_MOVE = YES;
				CLANG_WARN_UNGUARDED_AVAILABILITY = YES_AGGRESSIVE;
				CLANG_WARN_UNREACHABLE_CODE = YES;
				CLANG_WARN__DUPLICATE_METHOD_MATCH = YES;
				COPY_PHASE_STRIP = NO;
				DEBUG_INFORMATION_FORMAT = "dwarf-with-dsym";
				ENABLE_NS_ASSERTIONS = NO;
				ENABLE_STRICT_OBJC_MSGSEND = YES;
				GCC_C_LANGUAGE_STANDARD = gnu11;
				GCC_NO_COMMON_BLOCKS = YES;
				GCC_WARN_64_TO_32_BIT_CONVERSION = YES;
				GCC_WARN_ABOUT_RETURN_TYPE = YES_ERROR;
				GCC_WARN_UNDECLARED_SELECTOR = YES;
				GCC_WARN_UNINITIALIZED_AUTOS = YES_AGGRESSIVE;
				GCC_WARN_UNUSED_FUNCTION = YES;
				GCC_WARN_UNUSED_VARIABLE = YES;
				IPHONEOS_DEPLOYMENT_TARGET = 13.2;
				MTL_ENABLE_DEBUG_INFO = NO;
				MTL_FAST_MATH = YES;
				SDKROOT = iphoneos;
				SWIFT_COMPILATION_MODE = wholemodule;
				SWIFT_OPTIMIZATION_LEVEL = "-O";
				VALIDATE_PRODUCT = YES;
			};
			name = Release;
		};
		393AA182245F215E00F64E10 /* Debug */ = {
			isa = XCBuildConfiguration;
			buildSettings = {
				ASSETCATALOG_COMPILER_APPICON_NAME = AppIcon;
				CODE_SIGN_STYLE = Automatic;
				DEVELOPMENT_TEAM = 9VJ9UUZQH9;
				INFOPLIST_FILE = ShareFlag/Info.plist;
				LD_RUNPATH_SEARCH_PATHS = (
					"$(inherited)",
					"@executable_path/Frameworks",
				);
				PRODUCT_BUNDLE_IDENTIFIER = com.example.ShareFlag;
				PRODUCT_NAME = "$(TARGET_NAME)";
				SWIFT_VERSION = 5.0;
				TARGETED_DEVICE_FAMILY = "1,2";
			};
			name = Debug;
		};
		393AA183245F215E00F64E10 /* Release */ = {
			isa = XCBuildConfiguration;
			buildSettings = {
				ASSETCATALOG_COMPILER_APPICON_NAME = AppIcon;
				CODE_SIGN_STYLE = Automatic;
				DEVELOPMENT_TEAM = 9VJ9UUZQH9;
				INFOPLIST_FILE = ShareFlag/Info.plist;
				LD_RUNPATH_SEARCH_PATHS = (
					"$(inherited)",
					"@executable_path/Frameworks",
				);
				PRODUCT_BUNDLE_IDENTIFIER = com.example.ShareFlag;
				PRODUCT_NAME = "$(TARGET_NAME)";
				SWIFT_VERSION = 5.0;
				TARGETED_DEVICE_FAMILY = "1,2";
			};
			name = Release;
		};
/* End XCBuildConfiguration section */

/* Begin XCConfigurationList section */
		393AA168245F215B00F64E10 /* Build configuration list for PBXProject "ShareFlag" */ = {
			isa = XCConfigurationList;
			buildConfigurations = (
				393AA17F245F215E00F64E10 /* Debug */,
				393AA180245F215E00F64E10 /* Release */,
			);
			defaultConfigurationIsVisible = 0;
			defaultConfigurationName = Release;
		};
		393AA181245F215E00F64E10 /* Build configuration list for PBXNativeTarget "ShareFlag" */ = {
			isa = XCConfigurationList;
			buildConfigurations = (
				393AA182245F215E00F64E10 /* Debug */,
				393AA183245F215E00F64E10 /* Release */,
			);
			defaultConfigurationIsVisible = 0;
			defaultConfigurationName = Release;
		};
/* End XCConfigurationList section */
	};
	rootObject = 393AA165245F215B00F64E10 /* Project object */;
}
